
Microsoft Visual Studio Solution File, Format Version 12.00
# Visual Studio Version 16
VisualStudioVersion = 16.0.28721.148
MinimumVisualStudioVersion = 10.0.40219.1
Project("{9A19103F-16F7-4668-BE54-9A1E7A4F7556}") = "Bpmtk.Engine", "Bpmtk.Engine\Bpmtk.Engine.csproj", "{6B8CAE2F-6568-4270-A6C8-87C0E52E6E8B}"
EndProject
Project("{9A19103F-16F7-4668-BE54-9A1E7A4F7556}") = "Bpmtk.Engine.Tests", "Bpmtk.Engine.Tests\Bpmtk.Engine.Tests.csproj", "{F282FFC9-67A1-4E61-B865-0057BECB21E9}"
EndProject
Project("{9A19103F-16F7-4668-BE54-9A1E7A4F7556}") = "Bpmtk.Engine.WebApi", "Bpmtk.Engine.WebApi\Bpmtk.Engine.WebApi.csproj", "{517BB98E-B989-49BB-B53C-36E0C1A8865A}"
EndProject
Global
	GlobalSection(SolutionConfigurationPlatforms) = preSolution
		Debug|Any CPU = Debug|Any CPU
		Release|Any CPU = Release|Any CPU
	EndGlobalSection
	GlobalSection(ProjectConfigurationPlatforms) = postSolution
		{6B8CAE2F-6568-4270-A6C8-87C0E52E6E8B}.Debug|Any CPU.ActiveCfg = Debug|Any CPU
		{6B8CAE2F-6568-4270-A6C8-87C0E52E6E8B}.Debug|Any CPU.Build.0 = Debug|Any CPU
		{6B8CAE2F-6568-4270-A6C8-87C0E52E6E8B}.Release|Any CPU.ActiveCfg = Release|Any CPU
		{6B8CAE2F-6568-4270-A6C8-87C0E52E6E8B}.Release|Any CPU.Build.0 = Release|Any CPU
		{F282FFC9-67A1-4E61-B865-0057BECB21E9}.Debug|Any CPU.ActiveCfg = Debug|Any CPU
		{F282FFC9-67A1-4E61-B865-0057BECB21E9}.Debug|Any CPU.Build.0 = Debug|Any CPU
		{F282FFC9-67A1-4E61-B865-0057BECB21E9}.Release|Any CPU.ActiveCfg = Release|Any CPU
		{F282FFC9-67A1-4E61-B865-0057BECB21E9}.Release|Any CPU.Build.0 = Release|Any CPU
		{517BB98E-B989-49BB-B53C-36E0C1A8865A}.Debug|Any CPU.ActiveCfg = Debug|Any CPU
		{517BB98E-B989-49BB-B53C-36E0C1A8865A}.Debug|Any CPU.Build.0 = Debug|Any CPU
		{517BB98E-B989-49BB-B53C-36E0C1A8865A}.Release|Any CPU.ActiveCfg = Release|Any CPU
		{517BB98E-B989-49BB-B53C-36E0C1A8865A}.Release|Any CPU.Build.0 = Release|Any CPU
	EndGlobalSection
	GlobalSection(SolutionProperties) = preSolution
		HideSolutionNode = FALSE
	EndGlobalSection
	GlobalSection(ExtensibilityGlobals) = postSolution
		SolutionGuid = {711EDB10-AE05-4B6A-9AC5-CDD9BDE6C48F}
	EndGlobalSection
EndGlobal
